# This file is automatically @generated by Cargo.
# It is not intended for manual editing.
version = 3

[[package]]
name = "base64"
version = "0.13.1"
source = "registry+https://github.com/rust-lang/crates.io-index"
checksum = "9e1b586273c5702936fe7b7d6896644d8be71e6314cfe09d3167c95f712589e8"

[[package]]
name = "hex"
version = "0.4.3"
source = "registry+https://github.com/rust-lang/crates.io-index"
checksum = "7f24254aa9a54b5c858eaee2f5bccdb46aaf0e486a595ed5fd8f86ba55232a70"

[[package]]
name = "question3"
version = "0.1.0"
dependencies = [
 "hex",
]

[[package]]
name = "question4"
version = "0.1.0"
dependencies = [
 "hex",
]

[[package]]
name = "question5"
version = "0.1.0"
dependencies = [
 "hex",
]

[[package]]
name = "question6"
version = "0.1.0"
dependencies = [
 "base64",
]
